
Microsoft Visual Studio Solution File, Format Version 12.00
# Visual Studio Version 16
VisualStudioVersion = 16.0.28711.60
MinimumVisualStudioVersion = 10.0.40219.1
Project("{2150E333-8FDC-42A3-9474-1A3956D46DE8}") = "QueueStorage", "QueueStorage", "{6E231EC7-CD8A-41EB-B22E-79E56F518A05}"
EndProject
Project("{9A19103F-16F7-4668-BE54-9A1E7A4F7556}") = "AzureDemos.QStorage.WritingRecognizer.Server", "QueueStorage\AzureDemos.QStorage.WritingRecognizer.Server\AzureDemos.QStorage.WritingRecognizer.Server.csproj", "{71E217BC-7C73-4604-A71E-E59321BD6426}"
EndProject
Project("{9A19103F-16F7-4668-BE54-9A1E7A4F7556}") = "AzureDemos.QStorage.WritingRecognizer", "QueueStorage\AzureDemos.QStorage.WritingRecognizer\AzureDemos.QStorage.WritingRecognizer.csproj", "{55874CCC-16CD-480A-846F-3E405F003796}"
EndProject
Project("{9A19103F-16F7-4668-BE54-9A1E7A4F7556}") = "AzureDemos.QStorage.WritingRecognizer.Web", "QueueStorage\AzureDemos.QStorage.WritingRecognizer.Web\AzureDemos.QStorage.WritingRecognizer.Web.csproj", "{9F2808E2-3DED-4033-BD11-8EC19F7BF6AA}"
EndProject
Project("{2150E333-8FDC-42A3-9474-1A3956D46DE8}") = "ServiceBus", "ServiceBus", "{D88CEF40-917B-49B8-933C-59D760CE3449}"
EndProject
Project("{9A19103F-16F7-4668-BE54-9A1E7A4F7556}") = "AzureDemos.ServiceBus.DemoApp", "ServiceBus\DemoApp\AzureDemos.ServiceBus.DemoApp.csproj", "{CCD3005A-BF28-453F-960D-9D14447CBDC1}"
EndProject
Project("{2150E333-8FDC-42A3-9474-1A3956D46DE8}") = "Event Hub", "Event Hub", "{9870A7BB-8CB4-4FA9-BBBB-25E849216D70}"
EndProject
Project("{9A19103F-16F7-4668-BE54-9A1E7A4F7556}") = "AzureDemos.EventHub.EHSender", "EventHub\EHSender\AzureDemos.EventHub.EHSender.csproj", "{25BCB198-442A-410D-A94A-C60C1490A143}"
EndProject
Project("{9A19103F-16F7-4668-BE54-9A1E7A4F7556}") = "AzureDemos.EventHub.EventProcessor", "EventHub\EventProcessor\AzureDemos.EventHub.EventProcessor.csproj", "{25D62CFA-1024-415B-BEAF-D5D8E50E7E29}"
EndProject
Project("{9A19103F-16F7-4668-BE54-9A1E7A4F7556}") = "AzureDemos.Common", "AzureDemos.Common\AzureDemos.Common.csproj", "{864E13C0-9772-46F9-81C5-8FE5181AB067}"
EndProject
Project("{2150E333-8FDC-42A3-9474-1A3956D46DE8}") = "Kafka", "Kafka", "{5BE2B51D-0721-42F3-8FD3-6AD4EBF58EC0}"
EndProject
Project("{FAE04EC0-301F-11D3-BF4B-00C04F79EFBC}") = "AzureDemos.Kafka.KafkaProducerSample", "Kafka\KafkaProducer\AzureDemos.Kafka.KafkaProducerSample.csproj", "{3870A342-E56D-4376-8077-C1996E0A2C56}"
EndProject
Project("{FAE04EC0-301F-11D3-BF4B-00C04F79EFBC}") = "AzureDemos.Kafka.KafkaConsumerDemo", "Kafka\KafkaConsumerDemo\AzureDemos.Kafka.KafkaConsumerDemo.csproj", "{CE10251F-AEB0-442F-94CA-E7669A3EBCD4}"
EndProject
Project("{FAE04EC0-301F-11D3-BF4B-00C04F79EFBC}") = "AzureDemos.SimpleServiceBus", "ServiceBus\AzureDemos.SimpleServiceBus\AzureDemos.SimpleServiceBus.csproj", "{CDC12FCD-7081-495C-8E3E-12BF166782F6}"
EndProject
Global
	GlobalSection(SolutionConfigurationPlatforms) = preSolution
		Debug|Any CPU = Debug|Any CPU
		Release|Any CPU = Release|Any CPU
	EndGlobalSection
	GlobalSection(ProjectConfigurationPlatforms) = postSolution
		{71E217BC-7C73-4604-A71E-E59321BD6426}.Debug|Any CPU.ActiveCfg = Debug|Any CPU
		{71E217BC-7C73-4604-A71E-E59321BD6426}.Debug|Any CPU.Build.0 = Debug|Any CPU
		{71E217BC-7C73-4604-A71E-E59321BD6426}.Release|Any CPU.ActiveCfg = Release|Any CPU
		{71E217BC-7C73-4604-A71E-E59321BD6426}.Release|Any CPU.Build.0 = Release|Any CPU
		{55874CCC-16CD-480A-846F-3E405F003796}.Debug|Any CPU.ActiveCfg = Debug|Any CPU
		{55874CCC-16CD-480A-846F-3E405F003796}.Debug|Any CPU.Build.0 = Debug|Any CPU
		{55874CCC-16CD-480A-846F-3E405F003796}.Release|Any CPU.ActiveCfg = Release|Any CPU
		{55874CCC-16CD-480A-846F-3E405F003796}.Release|Any CPU.Build.0 = Release|Any CPU
		{9F2808E2-3DED-4033-BD11-8EC19F7BF6AA}.Debug|Any CPU.ActiveCfg = Debug|Any CPU
		{9F2808E2-3DED-4033-BD11-8EC19F7BF6AA}.Debug|Any CPU.Build.0 = Debug|Any CPU
		{9F2808E2-3DED-4033-BD11-8EC19F7BF6AA}.Release|Any CPU.ActiveCfg = Release|Any CPU
		{9F2808E2-3DED-4033-BD11-8EC19F7BF6AA}.Release|Any CPU.Build.0 = Release|Any CPU
		{CCD3005A-BF28-453F-960D-9D14447CBDC1}.Debug|Any CPU.ActiveCfg = Debug|Any CPU
		{CCD3005A-BF28-453F-960D-9D14447CBDC1}.Debug|Any CPU.Build.0 = Debug|Any CPU
		{CCD3005A-BF28-453F-960D-9D14447CBDC1}.Release|Any CPU.ActiveCfg = Release|Any CPU
		{CCD3005A-BF28-453F-960D-9D14447CBDC1}.Release|Any CPU.Build.0 = Release|Any CPU
		{25BCB198-442A-410D-A94A-C60C1490A143}.Debug|Any CPU.ActiveCfg = Debug|Any CPU
		{25BCB198-442A-410D-A94A-C60C1490A143}.Debug|Any CPU.Build.0 = Debug|Any CPU
		{25BCB198-442A-410D-A94A-C60C1490A143}.Release|Any CPU.ActiveCfg = Release|Any CPU
		{25BCB198-442A-410D-A94A-C60C1490A143}.Release|Any CPU.Build.0 = Release|Any CPU
		{25D62CFA-1024-415B-BEAF-D5D8E50E7E29}.Debug|Any CPU.ActiveCfg = Debug|Any CPU
		{25D62CFA-1024-415B-BEAF-D5D8E50E7E29}.Debug|Any CPU.Build.0 = Debug|Any CPU
		{25D62CFA-1024-415B-BEAF-D5D8E50E7E29}.Release|Any CPU.ActiveCfg = Release|Any CPU
		{25D62CFA-1024-415B-BEAF-D5D8E50E7E29}.Release|Any CPU.Build.0 = Release|Any CPU
		{864E13C0-9772-46F9-81C5-8FE5181AB067}.Debug|Any CPU.ActiveCfg = Debug|Any CPU
		{864E13C0-9772-46F9-81C5-8FE5181AB067}.Debug|Any CPU.Build.0 = Debug|Any CPU
		{864E13C0-9772-46F9-81C5-8FE5181AB067}.Release|Any CPU.ActiveCfg = Release|Any CPU
		{864E13C0-9772-46F9-81C5-8FE5181AB067}.Release|Any CPU.Build.0 = Release|Any CPU
		{3870A342-E56D-4376-8077-C1996E0A2C56}.Debug|Any CPU.ActiveCfg = Debug|Any CPU
		{3870A342-E56D-4376-8077-C1996E0A2C56}.Debug|Any CPU.Build.0 = Debug|Any CPU
		{3870A342-E56D-4376-8077-C1996E0A2C56}.Release|Any CPU.ActiveCfg = Release|Any CPU
		{3870A342-E56D-4376-8077-C1996E0A2C56}.Release|Any CPU.Build.0 = Release|Any CPU
		{CE10251F-AEB0-442F-94CA-E7669A3EBCD4}.Debug|Any CPU.ActiveCfg = Debug|Any CPU
		{CE10251F-AEB0-442F-94CA-E7669A3EBCD4}.Debug|Any CPU.Build.0 = Debug|Any CPU
		{CE10251F-AEB0-442F-94CA-E7669A3EBCD4}.Release|Any CPU.ActiveCfg = Release|Any CPU
		{CE10251F-AEB0-442F-94CA-E7669A3EBCD4}.Release|Any CPU.Build.0 = Release|Any CPU
		{CDC12FCD-7081-495C-8E3E-12BF166782F6}.Debug|Any CPU.ActiveCfg = Debug|Any CPU
		{CDC12FCD-7081-495C-8E3E-12BF166782F6}.Debug|Any CPU.Build.0 = Debug|Any CPU
		{CDC12FCD-7081-495C-8E3E-12BF166782F6}.Release|Any CPU.ActiveCfg = Release|Any CPU
		{CDC12FCD-7081-495C-8E3E-12BF166782F6}.Release|Any CPU.Build.0 = Release|Any CPU
	EndGlobalSection
	GlobalSection(SolutionProperties) = preSolution
		HideSolutionNode = FALSE
	EndGlobalSection
	GlobalSection(NestedProjects) = preSolution
		{71E217BC-7C73-4604-A71E-E59321BD6426} = {6E231EC7-CD8A-41EB-B22E-79E56F518A05}
		{55874CCC-16CD-480A-846F-3E405F003796} = {6E231EC7-CD8A-41EB-B22E-79E56F518A05}
		{9F2808E2-3DED-4033-BD11-8EC19F7BF6AA} = {6E231EC7-CD8A-41EB-B22E-79E56F518A05}
		{CCD3005A-BF28-453F-960D-9D14447CBDC1} = {D88CEF40-917B-49B8-933C-59D760CE3449}
		{25BCB198-442A-410D-A94A-C60C1490A143} = {9870A7BB-8CB4-4FA9-BBBB-25E849216D70}
		{25D62CFA-1024-415B-BEAF-D5D8E50E7E29} = {9870A7BB-8CB4-4FA9-BBBB-25E849216D70}
		{3870A342-E56D-4376-8077-C1996E0A2C56} = {5BE2B51D-0721-42F3-8FD3-6AD4EBF58EC0}
		{CE10251F-AEB0-442F-94CA-E7669A3EBCD4} = {5BE2B51D-0721-42F3-8FD3-6AD4EBF58EC0}
		{CDC12FCD-7081-495C-8E3E-12BF166782F6} = {D88CEF40-917B-49B8-933C-59D760CE3449}
	EndGlobalSection
	GlobalSection(ExtensibilityGlobals) = postSolution
		SolutionGuid = {5A5DCC8B-803E-4E24-B05A-16668598016F}
	EndGlobalSection
EndGlobal
