
Microsoft Visual Studio Solution File, Format Version 12.00
# Visual Studio Version 16
VisualStudioVersion = 16.0.31205.134
MinimumVisualStudioVersion = 10.0.40219.1
Project("{FAE04EC0-301F-11D3-BF4B-00C04F79EFBC}") = "SyncOverAsyncTest", "SyncOverAsyncTest\SyncOverAsyncTest.csproj", "{C4AE7A4C-6995-40AB-AFEC-457ED658978E}"
EndProject
Project("{FAE04EC0-301F-11D3-BF4B-00C04F79EFBC}") = "BackgroundNumberGenerator", "BackgroundNumberGenerator\BackgroundNumberGenerator.csproj", "{B295ADFA-0CD9-427A-B804-625D6C41DCB9}"
EndProject
Project("{FAE04EC0-301F-11D3-BF4B-00C04F79EFBC}") = "Common", "Common\Common.csproj", "{6CBFDE56-F831-49B7-894B-16D07374A363}"
EndProject
Global
	GlobalSection(SolutionConfigurationPlatforms) = preSolution
		Debug|Any CPU = Debug|Any CPU
		Release|Any CPU = Release|Any CPU
	EndGlobalSection
	GlobalSection(ProjectConfigurationPlatforms) = postSolution
		{C4AE7A4C-6995-40AB-AFEC-457ED658978E}.Debug|Any CPU.ActiveCfg = Debug|Any CPU
		{C4AE7A4C-6995-40AB-AFEC-457ED658978E}.Debug|Any CPU.Build.0 = Debug|Any CPU
		{C4AE7A4C-6995-40AB-AFEC-457ED658978E}.Release|Any CPU.ActiveCfg = Release|Any CPU
		{C4AE7A4C-6995-40AB-AFEC-457ED658978E}.Release|Any CPU.Build.0 = Release|Any CPU
		{B295ADFA-0CD9-427A-B804-625D6C41DCB9}.Debug|Any CPU.ActiveCfg = Debug|Any CPU
		{B295ADFA-0CD9-427A-B804-625D6C41DCB9}.Debug|Any CPU.Build.0 = Debug|Any CPU
		{B295ADFA-0CD9-427A-B804-625D6C41DCB9}.Release|Any CPU.ActiveCfg = Release|Any CPU
		{B295ADFA-0CD9-427A-B804-625D6C41DCB9}.Release|Any CPU.Build.0 = Release|Any CPU
		{6CBFDE56-F831-49B7-894B-16D07374A363}.Debug|Any CPU.ActiveCfg = Debug|Any CPU
		{6CBFDE56-F831-49B7-894B-16D07374A363}.Debug|Any CPU.Build.0 = Debug|Any CPU
		{6CBFDE56-F831-49B7-894B-16D07374A363}.Release|Any CPU.ActiveCfg = Release|Any CPU
		{6CBFDE56-F831-49B7-894B-16D07374A363}.Release|Any CPU.Build.0 = Release|Any CPU
	EndGlobalSection
	GlobalSection(SolutionProperties) = preSolution
		HideSolutionNode = FALSE
	EndGlobalSection
	GlobalSection(ExtensibilityGlobals) = postSolution
		SolutionGuid = {6C772A35-CB1B-4485-BCEF-1266D7F07DFA}
	EndGlobalSection
EndGlobal
